
Microsoft Visual Studio Solution File, Format Version 12.00
# Visual Studio Version 16
VisualStudioVersion = 16.0.31019.35
MinimumVisualStudioVersion = 10.0.40219.1
Project("{FAE04EC0-301F-11D3-BF4B-00C04F79EFBC}") = "RabbitMQ.Consumer", "RabbitMQ.Consumer.csproj", "{E1FB7456-BED4-4810-8A0C-F18969D49E2E}"
EndProject
Global
	GlobalSection(SolutionConfigurationPlatforms) = preSolution
		Debug|Any CPU = Debug|Any CPU
		Release|Any CPU = Release|Any CPU
	EndGlobalSection
	GlobalSection(ProjectConfigurationPlatforms) = postSolution
		{E1FB7456-BED4-4810-8A0C-F18969D49E2E}.Debug|Any CPU.ActiveCfg = Debug|Any CPU
		{E1FB7456-BED4-4810-8A0C-F18969D49E2E}.Debug|Any CPU.Build.0 = Debug|Any CPU
		{E1FB7456-BED4-4810-8A0C-F18969D49E2E}.Release|Any CPU.ActiveCfg = Release|Any CPU
		{E1FB7456-BED4-4810-8A0C-F18969D49E2E}.Release|Any CPU.Build.0 = Release|Any CPU
	EndGlobalSection
	GlobalSection(SolutionProperties) = preSolution
		HideSolutionNode = FALSE
	EndGlobalSection
	GlobalSection(ExtensibilityGlobals) = postSolution
		SolutionGuid = {DEF1424D-64EA-46D4-8DE5-E4ECEE4A5427}
	EndGlobalSection
EndGlobal
